// !$*UTF8*$!
{
	archiveVersion = 1;
	classes = {
	};
	objectVersion = 77;
	objects = {

/* Begin PBXBuildFile section */
		D602071E2D01FBF800B4AA44 /* DependenciesManager in Frameworks */ = {isa = PBXBuildFile; productRef = D602071D2D01FBF800B4AA44 /* DependenciesManager */; };
		D60207202D01FBF800B4AA44 /* MoviesScheduleApplication in Frameworks */ = {isa = PBXBuildFile; productRef = D602071F2D01FBF800B4AA44 /* MoviesScheduleApplication */; };
		D60207222D01FBF800B4AA44 /* MoviesScheduleDomain in Frameworks */ = {isa = PBXBuildFile; productRef = D60207212D01FBF800B4AA44 /* MoviesScheduleDomain */; };
		D60207242D01FBF800B4AA44 /* MoviesScheduleInfrastructure in Frameworks */ = {isa = PBXBuildFile; productRef = D60207232D01FBF800B4AA44 /* MoviesScheduleInfrastructure */; };
		D60207262D01FBF800B4AA44 /* MoviesScheduleUI in Frameworks */ = {isa = PBXBuildFile; productRef = D60207252D01FBF800B4AA44 /* MoviesScheduleUI */; };
/* End PBXBuildFile section */

/* Begin PBXContainerItemProxy section */
		D6E557CD2CF8F6AD00945C31 /* PBXContainerItemProxy */ = {
			isa = PBXContainerItemProxy;
			containerPortal = D6E557B02CF8F6AC00945C31 /* Project object */;
			proxyType = 1;
			remoteGlobalIDString = D6E557B72CF8F6AC00945C31;
			remoteInfo = MoviesSchedule;
		};
		D6E557D72CF8F6AD00945C31 /* PBXContainerItemProxy */ = {
			isa = PBXContainerItemProxy;
			containerPortal = D6E557B02CF8F6AC00945C31 /* Project object */;
			proxyType = 1;
			remoteGlobalIDString = D6E557B72CF8F6AC00945C31;
			remoteInfo = MoviesSchedule;
		};
/* End PBXContainerItemProxy section */

/* Begin PBXFileReference section */
		D6130A7A2D238FDE0007C13C /* TMDBClient */ = {isa = PBXFileReference; lastKnownFileType = wrapper; path = TMDBClient; sourceTree = "<group>"; };
		D677E22F2CFCF65E0058D9EE /* MoviesScheduleApplication */ = {isa = PBXFileReference; lastKnownFileType = wrapper; path = MoviesScheduleApplication; sourceTree = "<group>"; };
		D677E2462CFCFE390058D9EE /* MoviesScheduleDomain */ = {isa = PBXFileReference; lastKnownFileType = wrapper; path = MoviesScheduleDomain; sourceTree = "<group>"; };
		D683BA4E2D013405006652A4 /* DependenciesManager */ = {isa = PBXFileReference; lastKnownFileType = wrapper; path = DependenciesManager; sourceTree = "<group>"; };
		D6B2A1B12CFFC4D50059A74B /* MoviesScheduleInfrastructure */ = {isa = PBXFileReference; lastKnownFileType = wrapper; path = MoviesScheduleInfrastructure; sourceTree = "<group>"; };
		D6C97CBE2CFE761B0058D7D1 /* MoviesScheduleUI */ = {isa = PBXFileReference; lastKnownFileType = wrapper; path = MoviesScheduleUI; sourceTree = "<group>"; };
		D6E557B82CF8F6AC00945C31 /* MoviesSchedule.app */ = {isa = PBXFileReference; explicitFileType = wrapper.application; includeInIndex = 0; path = MoviesSchedule.app; sourceTree = BUILT_PRODUCTS_DIR; };
		D6E557CC2CF8F6AD00945C31 /* MoviesScheduleTests.xctest */ = {isa = PBXFileReference; explicitFileType = wrapper.cfbundle; includeInIndex = 0; path = MoviesScheduleTests.xctest; sourceTree = BUILT_PRODUCTS_DIR; };
		D6E557D62CF8F6AD00945C31 /* MoviesScheduleUITests.xctest */ = {isa = PBXFileReference; explicitFileType = wrapper.cfbundle; includeInIndex = 0; path = MoviesScheduleUITests.xctest; sourceTree = BUILT_PRODUCTS_DIR; };
/* End PBXFileReference section */

/* Begin PBXFileSystemSynchronizedBuildFileExceptionSet section */
		D6E557DE2CF8F6AD00945C31 /* Exceptions for "MoviesSchedule" folder in "MoviesSchedule" target */ = {
			isa = PBXFileSystemSynchronizedBuildFileExceptionSet;
			membershipExceptions = (
				Info.plist,
			);
			target = D6E557B72CF8F6AC00945C31 /* MoviesSchedule */;
		};
/* End PBXFileSystemSynchronizedBuildFileExceptionSet section */

/* Begin PBXFileSystemSynchronizedRootGroup section */
		D6E557BA2CF8F6AC00945C31 /* MoviesSchedule */ = {
			isa = PBXFileSystemSynchronizedRootGroup;
			exceptions = (
				D6E557DE2CF8F6AD00945C31 /* Exceptions for "MoviesSchedule" folder in "MoviesSchedule" target */,
			);
			path = MoviesSchedule;
			sourceTree = "<group>";
		};
		D6E557CF2CF8F6AD00945C31 /* MoviesScheduleTests */ = {
			isa = PBXFileSystemSynchronizedRootGroup;
			path = MoviesScheduleTests;
			sourceTree = "<group>";
		};
		D6E557D92CF8F6AD00945C31 /* MoviesScheduleUITests */ = {
			isa = PBXFileSystemSynchronizedRootGroup;
			path = MoviesScheduleUITests;
			sourceTree = "<group>";
		};
/* End PBXFileSystemSynchronizedRootGroup section */

/* Begin PBXFrameworksBuildPhase section */
		D6E557B52CF8F6AC00945C31 /* Frameworks */ = {
			isa = PBXFrameworksBuildPhase;
			buildActionMask = 2147483647;
			files = (
				D60207262D01FBF800B4AA44 /* MoviesScheduleUI in Frameworks */,
				D602071E2D01FBF800B4AA44 /* DependenciesManager in Frameworks */,
				D60207242D01FBF800B4AA44 /* MoviesScheduleInfrastructure in Frameworks */,
				D60207202D01FBF800B4AA44 /* MoviesScheduleApplication in Frameworks */,
				D60207222D01FBF800B4AA44 /* MoviesScheduleDomain in Frameworks */,
			);
			runOnlyForDeploymentPostprocessing = 0;
		};
		D6E557C92CF8F6AD00945C31 /* Frameworks */ = {
			isa = PBXFrameworksBuildPhase;
			buildActionMask = 2147483647;
			files = (
			);
			runOnlyForDeploymentPostprocessing = 0;
		};
		D6E557D32CF8F6AD00945C31 /* Frameworks */ = {
			isa = PBXFrameworksBuildPhase;
			buildActionMask = 2147483647;
			files = (
			);
			runOnlyForDeploymentPostprocessing = 0;
		};
/* End PBXFrameworksBuildPhase section */

/* Begin PBXGroup section */
		D602071C2D01FBF800B4AA44 /* Frameworks */ = {
			isa = PBXGroup;
			children = (
			);
			name = Frameworks;
			sourceTree = "<group>";
		};
		D6E557AF2CF8F6AC00945C31 = {
			isa = PBXGroup;
			children = (
				D6130A7A2D238FDE0007C13C /* TMDBClient */,
				D683BA4E2D013405006652A4 /* DependenciesManager */,
				D6B2A1B12CFFC4D50059A74B /* MoviesScheduleInfrastructure */,
				D6C97CBE2CFE761B0058D7D1 /* MoviesScheduleUI */,
				D677E2462CFCFE390058D9EE /* MoviesScheduleDomain */,
				D677E22F2CFCF65E0058D9EE /* MoviesScheduleApplication */,
				D6E557BA2CF8F6AC00945C31 /* MoviesSchedule */,
				D6E557CF2CF8F6AD00945C31 /* MoviesScheduleTests */,
				D6E557D92CF8F6AD00945C31 /* MoviesScheduleUITests */,
				D602071C2D01FBF800B4AA44 /* Frameworks */,
				D6E557B92CF8F6AC00945C31 /* Products */,
			);
			sourceTree = "<group>";
		};
		D6E557B92CF8F6AC00945C31 /* Products */ = {
			isa = PBXGroup;
			children = (
				D6E557B82CF8F6AC00945C31 /* MoviesSchedule.app */,
				D6E557CC2CF8F6AD00945C31 /* MoviesScheduleTests.xctest */,
				D6E557D62CF8F6AD00945C31 /* MoviesScheduleUITests.xctest */,
			);
			name = Products;
			sourceTree = "<group>";
		};
/* End PBXGroup section */

/* Begin PBXNativeTarget section */
		D6E557B72CF8F6AC00945C31 /* MoviesSchedule */ = {
			isa = PBXNativeTarget;
			buildConfigurationList = D6E557DF2CF8F6AD00945C31 /* Build configuration list for PBXNativeTarget "MoviesSchedule" */;
			buildPhases = (
				D6E557B42CF8F6AC00945C31 /* Sources */,
				D6E557B52CF8F6AC00945C31 /* Frameworks */,
				D6E557B62CF8F6AC00945C31 /* Resources */,
			);
			buildRules = (
			);
			dependencies = (
			);
			fileSystemSynchronizedGroups = (
				D6E557BA2CF8F6AC00945C31 /* MoviesSchedule */,
			);
			name = MoviesSchedule;
			packageProductDependencies = (
				D602071D2D01FBF800B4AA44 /* DependenciesManager */,
				D602071F2D01FBF800B4AA44 /* MoviesScheduleApplication */,
				D60207212D01FBF800B4AA44 /* MoviesScheduleDomain */,
				D60207232D01FBF800B4AA44 /* MoviesScheduleInfrastructure */,
				D60207252D01FBF800B4AA44 /* MoviesScheduleUI */,
			);
			productName = MoviesSchedule;
			productReference = D6E557B82CF8F6AC00945C31 /* MoviesSchedule.app */;
			productType = "com.apple.product-type.application";
		};
		D6E557CB2CF8F6AD00945C31 /* MoviesScheduleTests */ = {
			isa = PBXNativeTarget;
			buildConfigurationList = D6E557E42CF8F6AD00945C31 /* Build configuration list for PBXNativeTarget "MoviesScheduleTests" */;
			buildPhases = (
				D6E557C82CF8F6AD00945C31 /* Sources */,
				D6E557C92CF8F6AD00945C31 /* Frameworks */,
				D6E557CA2CF8F6AD00945C31 /* Resources */,
			);
			buildRules = (
			);
			dependencies = (
				D6E557CE2CF8F6AD00945C31 /* PBXTargetDependency */,
			);
			fileSystemSynchronizedGroups = (
				D6E557CF2CF8F6AD00945C31 /* MoviesScheduleTests */,
			);
			name = MoviesScheduleTests;
			packageProductDependencies = (
			);
			productName = MoviesScheduleTests;
			productReference = D6E557CC2CF8F6AD00945C31 /* MoviesScheduleTests.xctest */;
			productType = "com.apple.product-type.bundle.unit-test";
		};
		D6E557D52CF8F6AD00945C31 /* MoviesScheduleUITests */ = {
			isa = PBXNativeTarget;
			buildConfigurationList = D6E557E72CF8F6AD00945C31 /* Build configuration list for PBXNativeTarget "MoviesScheduleUITests" */;
			buildPhases = (
				D6E557D22CF8F6AD00945C31 /* Sources */,
				D6E557D32CF8F6AD00945C31 /* Frameworks */,
				D6E557D42CF8F6AD00945C31 /* Resources */,
			);
			buildRules = (
			);
			dependencies = (
				D6E557D82CF8F6AD00945C31 /* PBXTargetDependency */,
			);
			fileSystemSynchronizedGroups = (
				D6E557D92CF8F6AD00945C31 /* MoviesScheduleUITests */,
			);
			name = MoviesScheduleUITests;
			packageProductDependencies = (
			);
			productName = MoviesScheduleUITests;
			productReference = D6E557D62CF8F6AD00945C31 /* MoviesScheduleUITests.xctest */;
			productType = "com.apple.product-type.bundle.ui-testing";
		};
/* End PBXNativeTarget section */

/* Begin PBXProject section */
		D6E557B02CF8F6AC00945C31 /* Project object */ = {
			isa = PBXProject;
			attributes = {
				BuildIndependentTargetsInParallel = 1;
				LastSwiftUpdateCheck = 1610;
				LastUpgradeCheck = 1610;
				TargetAttributes = {
					D6E557B72CF8F6AC00945C31 = {
						CreatedOnToolsVersion = 16.1;
					};
					D6E557CB2CF8F6AD00945C31 = {
						CreatedOnToolsVersion = 16.1;
						TestTargetID = D6E557B72CF8F6AC00945C31;
					};
					D6E557D52CF8F6AD00945C31 = {
						CreatedOnToolsVersion = 16.1;
						TestTargetID = D6E557B72CF8F6AC00945C31;
					};
				};
			};
			buildConfigurationList = D6E557B32CF8F6AC00945C31 /* Build configuration list for PBXProject "MoviesSchedule" */;
			developmentRegion = en;
			hasScannedForEncodings = 0;
			knownRegions = (
				en,
				Base,
			);
			mainGroup = D6E557AF2CF8F6AC00945C31;
			minimizedProjectReferenceProxies = 1;
			packageReferences = (
			);
			preferredProjectObjectVersion = 77;
			productRefGroup = D6E557B92CF8F6AC00945C31 /* Products */;
			projectDirPath = "";
			projectRoot = "";
			targets = (
				D6E557B72CF8F6AC00945C31 /* MoviesSchedule */,
				D6E557CB2CF8F6AD00945C31 /* MoviesScheduleTests */,
				D6E557D52CF8F6AD00945C31 /* MoviesScheduleUITests */,
			);
		};
/* End PBXProject section */

/* Begin PBXResourcesBuildPhase section */
		D6E557B62CF8F6AC00945C31 /* Resources */ = {
			isa = PBXResourcesBuildPhase;
			buildActionMask = 2147483647;
			files = (
			);
			runOnlyForDeploymentPostprocessing = 0;
		};
		D6E557CA2CF8F6AD00945C31 /* Resources */ = {
			isa = PBXResourcesBuildPhase;
			buildActionMask = 2147483647;
			files = (
			);
			runOnlyForDeploymentPostprocessing = 0;
		};
		D6E557D42CF8F6AD00945C31 /* Resources */ = {
			isa = PBXResourcesBuildPhase;
			buildActionMask = 2147483647;
			files = (
			);
			runOnlyForDeploymentPostprocessing = 0;
		};
/* End PBXResourcesBuildPhase section */

/* Begin PBXSourcesBuildPhase section */
		D6E557B42CF8F6AC00945C31 /* Sources */ = {
			isa = PBXSourcesBuildPhase;
			buildActionMask = 2147483647;
			files = (
			);
			runOnlyForDeploymentPostprocessing = 0;
		};
		D6E557C82CF8F6AD00945C31 /* Sources */ = {
			isa = PBXSourcesBuildPhase;
			buildActionMask = 2147483647;
			files = (
			);
			runOnlyForDeploymentPostprocessing = 0;
		};
		D6E557D22CF8F6AD00945C31 /* Sources */ = {
			isa = PBXSourcesBuildPhase;
			buildActionMask = 2147483647;
			files = (
			);
			runOnlyForDeploymentPostprocessing = 0;
		};
/* End PBXSourcesBuildPhase section */

/* Begin PBXTargetDependency section */
		D6E557CE2CF8F6AD00945C31 /* PBXTargetDependency */ = {
			isa = PBXTargetDependency;
			target = D6E557B72CF8F6AC00945C31 /* MoviesSchedule */;
			targetProxy = D6E557CD2CF8F6AD00945C31 /* PBXContainerItemProxy */;
		};
		D6E557D82CF8F6AD00945C31 /* PBXTargetDependency */ = {
			isa = PBXTargetDependency;
			target = D6E557B72CF8F6AC00945C31 /* MoviesSchedule */;
			targetProxy = D6E557D72CF8F6AD00945C31 /* PBXContainerItemProxy */;
		};
/* End PBXTargetDependency section */

/* Begin XCBuildConfiguration section */
		D6E557E02CF8F6AD00945C31 /* Debug */ = {
			isa = XCBuildConfiguration;
			buildSettings = {
				ASSETCATALOG_COMPILER_APPICON_NAME = AppIcon;
				ASSETCATALOG_COMPILER_GLOBAL_ACCENT_COLOR_NAME = AccentColor;
				CODE_SIGN_ENTITLEMENTS = MoviesSchedule/MoviesSchedule.entitlements;
				CODE_SIGN_STYLE = Automatic;
				CURRENT_PROJECT_VERSION = 1;
				DEVELOPMENT_ASSET_PATHS = "\"MoviesSchedule/Preview Content\"";
				DEVELOPMENT_TEAM = GFY66XL9A5;
				ENABLE_PREVIEWS = YES;
				GENERATE_INFOPLIST_FILE = YES;
				INFOPLIST_FILE = MoviesSchedule/Info.plist;
				INFOPLIST_KEY_UIApplicationSceneManifest_Generation = YES;
				INFOPLIST_KEY_UIApplicationSupportsIndirectInputEvents = YES;
				INFOPLIST_KEY_UILaunchScreen_Generation = YES;
				INFOPLIST_KEY_UISupportedInterfaceOrientations_iPad = "UIInterfaceOrientationPortrait UIInterfaceOrientationPortraitUpsideDown UIInterfaceOrientationLandscapeLeft UIInterfaceOrientationLandscapeRight";
				INFOPLIST_KEY_UISupportedInterfaceOrientations_iPhone = "UIInterfaceOrientationPortrait UIInterfaceOrientationLandscapeLeft UIInterfaceOrientationLandscapeRight";
				LD_RUNPATH_SEARCH_PATHS = (
					"$(inherited)",
					"@executable_path/Frameworks",
				);
				MARKETING_VERSION = 1.0;
				PRODUCT_BUNDLE_IDENTIFIER = com.loomiarts.MoviesSchedule;
				PRODUCT_NAME = "$(TARGET_NAME)";
				SWIFT_EMIT_LOC_STRINGS = YES;
				SWIFT_VERSION = 5.0;
				TARGETED_DEVICE_FAMILY = "1,2";
			};
			name = Debug;
		};
		D6E557E12CF8F6AD00945C31 /* Release */ = {
			isa = XCBuildConfiguration;
			buildSettings = {
				ASSETCATALOG_COMPILER_APPICON_NAME = AppIcon;
				ASSETCATALOG_COMPILER_GLOBAL_ACCENT_COLOR_NAME = AccentColor;
				CODE_SIGN_ENTITLEMENTS = MoviesSchedule/MoviesSchedule.entitlements;
				CODE_SIGN_STYLE = Automatic;
				CURRENT_PROJECT_VERSION = 1;
				DEVELOPMENT_ASSET_PATHS = "\"MoviesSchedule/Preview Content\"";
				DEVELOPMENT_TEAM = GFY66XL9A5;
				ENABLE_PREVIEWS = YES;
				GENERATE_INFOPLIST_FILE = YES;
				INFOPLIST_FILE = MoviesSchedule/Info.plist;
				INFOPLIST_KEY_UIApplicationSceneManifest_Generation = YES;
				INFOPLIST_KEY_UIApplicationSupportsIndirectInputEvents = YES;
				INFOPLIST_KEY_UILaunchScreen_Generation = YES;
				INFOPLIST_KEY_UISupportedInterfaceOrientations_iPad = "UIInterfaceOrientationPortrait UIInterfaceOrientationPortraitUpsideDown UIInterfaceOrientationLandscapeLeft UIInterfaceOrientationLandscapeRight";
				INFOPLIST_KEY_UISupportedInterfaceOrientations_iPhone = "UIInterfaceOrientationPortrait UIInterfaceOrientationLandscapeLeft UIInterfaceOrientationLandscapeRight";
				LD_RUNPATH_SEARCH_PATHS = (
					"$(inherited)",
					"@executable_path/Frameworks",
				);
				MARKETING_VERSION = 1.0;
				PRODUCT_BUNDLE_IDENTIFIER = com.loomiarts.MoviesSchedule;
				PRODUCT_NAME = "$(TARGET_NAME)";
				SWIFT_EMIT_LOC_STRINGS = YES;
				SWIFT_VERSION = 5.0;
				TARGETED_DEVICE_FAMILY = "1,2";
			};
			name = Release;
		};
		D6E557E22CF8F6AD00945C31 /* Debug */ = {
			isa = XCBuildConfiguration;
			buildSettings = {
				ALWAYS_SEARCH_USER_PATHS = NO;
				ASSETCATALOG_COMPILER_GENERATE_SWIFT_ASSET_SYMBOL_EXTENSIONS = YES;
				CLANG_ANALYZER_NONNULL = YES;
				CLANG_ANALYZER_NUMBER_OBJECT_CONVERSION = YES_AGGRESSIVE;
				CLANG_CXX_LANGUAGE_STANDARD = "gnu++20";
				CLANG_ENABLE_MODULES = YES;
				CLANG_ENABLE_OBJC_ARC = YES;
				CLANG_ENABLE_OBJC_WEAK = YES;
				CLANG_WARN_BLOCK_CAPTURE_AUTORELEASING = YES;
				CLANG_WARN_BOOL_CONVERSION = YES;
				CLANG_WARN_COMMA = YES;
				CLANG_WARN_CONSTANT_CONVERSION = YES;
				CLANG_WARN_DEPRECATED_OBJC_IMPLEMENTATIONS = YES;
				CLANG_WARN_DIRECT_OBJC_ISA_USAGE = YES_ERROR;
				CLANG_WARN_DOCUMENTATION_COMMENTS = YES;
				CLANG_WARN_EMPTY_BODY = YES;
				CLANG_WARN_ENUM_CONVERSION = YES;
				CLANG_WARN_INFINITE_RECURSION = YES;
				CLANG_WARN_INT_CONVERSION = YES;
				CLANG_WARN_NON_LITERAL_NULL_CONVERSION = YES;
				CLANG_WARN_OBJC_IMPLICIT_RETAIN_SELF = YES;
				CLANG_WARN_OBJC_LITERAL_CONVERSION = YES;
				CLANG_WARN_OBJC_ROOT_CLASS = YES_ERROR;
				CLANG_WARN_QUOTED_INCLUDE_IN_FRAMEWORK_HEADER = YES;
				CLANG_WARN_RANGE_LOOP_ANALYSIS = YES;
				CLANG_WARN_STRICT_PROTOTYPES = YES;
				CLANG_WARN_SUSPICIOUS_MOVE = YES;
				CLANG_WARN_UNGUARDED_AVAILABILITY = YES_AGGRESSIVE;
				CLANG_WARN_UNREACHABLE_CODE = YES;
				CLANG_WARN__DUPLICATE_METHOD_MATCH = YES;
				COPY_PHASE_STRIP = NO;
				DEBUG_INFORMATION_FORMAT = dwarf;
				ENABLE_STRICT_OBJC_MSGSEND = YES;
				ENABLE_TESTABILITY = YES;
				ENABLE_USER_SCRIPT_SANDBOXING = YES;
				GCC_C_LANGUAGE_STANDARD = gnu17;
				GCC_DYNAMIC_NO_PIC = NO;
				GCC_NO_COMMON_BLOCKS = YES;
				GCC_OPTIMIZATION_LEVEL = 0;
				GCC_PREPROCESSOR_DEFINITIONS = (
					"DEBUG=1",
					"$(inherited)",
				);
				GCC_WARN_64_TO_32_BIT_CONVERSION = YES;
				GCC_WARN_ABOUT_RETURN_TYPE = YES_ERROR;
				GCC_WARN_UNDECLARED_SELECTOR = YES;
				GCC_WARN_UNINITIALIZED_AUTOS = YES_AGGRESSIVE;
				GCC_WARN_UNUSED_FUNCTION = YES;
				GCC_WARN_UNUSED_VARIABLE = YES;
				IPHONEOS_DEPLOYMENT_TARGET = 18.1;
				LOCALIZATION_PREFERS_STRING_CATALOGS = YES;
				MTL_ENABLE_DEBUG_INFO = INCLUDE_SOURCE;
				MTL_FAST_MATH = YES;
				ONLY_ACTIVE_ARCH = YES;
				SDKROOT = iphoneos;
				SWIFT_ACTIVE_COMPILATION_CONDITIONS = "DEBUG $(inherited)";
				SWIFT_OPTIMIZATION_LEVEL = "-Onone";
			};
			name = Debug;
		};
		D6E557E32CF8F6AD00945C31 /* Release */ = {
			isa = XCBuildConfiguration;
			buildSettings = {
				ALWAYS_SEARCH_USER_PATHS = NO;
				ASSETCATALOG_COMPILER_GENERATE_SWIFT_ASSET_SYMBOL_EXTENSIONS = YES;
				CLANG_ANALYZER_NONNULL = YES;
				CLANG_ANALYZER_NUMBER_OBJECT_CONVERSION = YES_AGGRESSIVE;
				CLANG_CXX_LANGUAGE_STANDARD = "gnu++20";
				CLANG_ENABLE_MODULES = YES;
				CLANG_ENABLE_OBJC_ARC = YES;
				CLANG_ENABLE_OBJC_WEAK = YES;
				CLANG_WARN_BLOCK_CAPTURE_AUTORELEASING = YES;
				CLANG_WARN_BOOL_CONVERSION = YES;
				CLANG_WARN_COMMA = YES;
				CLANG_WARN_CONSTANT_CONVERSION = YES;
				CLANG_WARN_DEPRECATED_OBJC_IMPLEMENTATIONS = YES;
				CLANG_WARN_DIRECT_OBJC_ISA_USAGE = YES_ERROR;
				CLANG_WARN_DOCUMENTATION_COMMENTS = YES;
				CLANG_WARN_EMPTY_BODY = YES;
				CLANG_WARN_ENUM_CONVERSION = YES;
				CLANG_WARN_INFINITE_RECURSION = YES;
				CLANG_WARN_INT_CONVERSION = YES;
				CLANG_WARN_NON_LITERAL_NULL_CONVERSION = YES;
				CLANG_WARN_OBJC_IMPLICIT_RETAIN_SELF = YES;
				CLANG_WARN_OBJC_LITERAL_CONVERSION = YES;
				CLANG_WARN_OBJC_ROOT_CLASS = YES_ERROR;
				CLANG_WARN_QUOTED_INCLUDE_IN_FRAMEWORK_HEADER = YES;
				CLANG_WARN_RANGE_LOOP_ANALYSIS = YES;
				CLANG_WARN_STRICT_PROTOTYPES = YES;
				CLANG_WARN_SUSPICIOUS_MOVE = YES;
				CLANG_WARN_UNGUARDED_AVAILABILITY = YES_AGGRESSIVE;
				CLANG_WARN_UNREACHABLE_CODE = YES;
				CLANG_WARN__DUPLICATE_METHOD_MATCH = YES;
				COPY_PHASE_STRIP = NO;
				DEBUG_INFORMATION_FORMAT = "dwarf-with-dsym";
				ENABLE_NS_ASSERTIONS = NO;
				ENABLE_STRICT_OBJC_MSGSEND = YES;
				ENABLE_USER_SCRIPT_SANDBOXING = YES;
				GCC_C_LANGUAGE_STANDARD = gnu17;
				GCC_NO_COMMON_BLOCKS = YES;
				GCC_WARN_64_TO_32_BIT_CONVERSION = YES;
				GCC_WARN_ABOUT_RETURN_TYPE = YES_ERROR;
				GCC_WARN_UNDECLARED_SELECTOR = YES;
				GCC_WARN_UNINITIALIZED_AUTOS = YES_AGGRESSIVE;
				GCC_WARN_UNUSED_FUNCTION = YES;
				GCC_WARN_UNUSED_VARIABLE = YES;
				IPHONEOS_DEPLOYMENT_TARGET = 18.1;
				LOCALIZATION_PREFERS_STRING_CATALOGS = YES;
				MTL_ENABLE_DEBUG_INFO = NO;
				MTL_FAST_MATH = YES;
				SDKROOT = iphoneos;
				SWIFT_COMPILATION_MODE = wholemodule;
				VALIDATE_PRODUCT = YES;
			};
			name = Release;
		};
		D6E557E52CF8F6AD00945C31 /* Debug */ = {
			isa = XCBuildConfiguration;
			buildSettings = {
				BUNDLE_LOADER = "$(TEST_HOST)";
				CODE_SIGN_STYLE = Automatic;
				CURRENT_PROJECT_VERSION = 1;
				DEVELOPMENT_TEAM = GFY66XL9A5;
				GENERATE_INFOPLIST_FILE = YES;
				IPHONEOS_DEPLOYMENT_TARGET = 18.1;
				MARKETING_VERSION = 1.0;
				PRODUCT_BUNDLE_IDENTIFIER = com.loomiarts.MoviesScheduleTests;
				PRODUCT_NAME = "$(TARGET_NAME)";
				SWIFT_EMIT_LOC_STRINGS = NO;
				SWIFT_VERSION = 5.0;
				TARGETED_DEVICE_FAMILY = "1,2";
				TEST_HOST = "$(BUILT_PRODUCTS_DIR)/MoviesSchedule.app/$(BUNDLE_EXECUTABLE_FOLDER_PATH)/MoviesSchedule";
			};
			name = Debug;
		};
		D6E557E62CF8F6AD00945C31 /* Release */ = {
			isa = XCBuildConfiguration;
			buildSettings = {
				BUNDLE_LOADER = "$(TEST_HOST)";
				CODE_SIGN_STYLE = Automatic;
				CURRENT_PROJECT_VERSION = 1;
				DEVELOPMENT_TEAM = GFY66XL9A5;
				GENERATE_INFOPLIST_FILE = YES;
				IPHONEOS_DEPLOYMENT_TARGET = 18.1;
				MARKETING_VERSION = 1.0;
				PRODUCT_BUNDLE_IDENTIFIER = com.loomiarts.MoviesScheduleTests;
				PRODUCT_NAME = "$(TARGET_NAME)";
				SWIFT_EMIT_LOC_STRINGS = NO;
				SWIFT_VERSION = 5.0;
				TARGETED_DEVICE_FAMILY = "1,2";
				TEST_HOST = "$(BUILT_PRODUCTS_DIR)/MoviesSchedule.app/$(BUNDLE_EXECUTABLE_FOLDER_PATH)/MoviesSchedule";
			};
			name = Release;
		};
		D6E557E82CF8F6AD00945C31 /* Debug */ = {
			isa = XCBuildConfiguration;
			buildSettings = {
				CODE_SIGN_STYLE = Automatic;
				CURRENT_PROJECT_VERSION = 1;
				DEVELOPMENT_TEAM = GFY66XL9A5;
				GENERATE_INFOPLIST_FILE = YES;
				MARKETING_VERSION = 1.0;
				PRODUCT_BUNDLE_IDENTIFIER = com.loomiarts.MoviesScheduleUITests;
				PRODUCT_NAME = "$(TARGET_NAME)";
				SWIFT_EMIT_LOC_STRINGS = NO;
				SWIFT_VERSION = 5.0;
				TARGETED_DEVICE_FAMILY = "1,2";
				TEST_TARGET_NAME = MoviesSchedule;
			};
			name = Debug;
		};
		D6E557E92CF8F6AD00945C31 /* Release */ = {
			isa = XCBuildConfiguration;
			buildSettings = {
				CODE_SIGN_STYLE = Automatic;
				CURRENT_PROJECT_VERSION = 1;
				DEVELOPMENT_TEAM = GFY66XL9A5;
				GENERATE_INFOPLIST_FILE = YES;
				MARKETING_VERSION = 1.0;
				PRODUCT_BUNDLE_IDENTIFIER = com.loomiarts.MoviesScheduleUITests;
				PRODUCT_NAME = "$(TARGET_NAME)";
				SWIFT_EMIT_LOC_STRINGS = NO;
				SWIFT_VERSION = 5.0;
				TARGETED_DEVICE_FAMILY = "1,2";
				TEST_TARGET_NAME = MoviesSchedule;
			};
			name = Release;
		};
/* End XCBuildConfiguration section */

/* Begin XCConfigurationList section */
		D6E557B32CF8F6AC00945C31 /* Build configuration list for PBXProject "MoviesSchedule" */ = {
			isa = XCConfigurationList;
			buildConfigurations = (
				D6E557E22CF8F6AD00945C31 /* Debug */,
				D6E557E32CF8F6AD00945C31 /* Release */,
			);
			defaultConfigurationIsVisible = 0;
			defaultConfigurationName = Release;
		};
		D6E557DF2CF8F6AD00945C31 /* Build configuration list for PBXNativeTarget "MoviesSchedule" */ = {
			isa = XCConfigurationList;
			buildConfigurations = (
				D6E557E02CF8F6AD00945C31 /* Debug */,
				D6E557E12CF8F6AD00945C31 /* Release */,
			);
			defaultConfigurationIsVisible = 0;
			defaultConfigurationName = Release;
		};
		D6E557E42CF8F6AD00945C31 /* Build configuration list for PBXNativeTarget "MoviesScheduleTests" */ = {
			isa = XCConfigurationList;
			buildConfigurations = (
				D6E557E52CF8F6AD00945C31 /* Debug */,
				D6E557E62CF8F6AD00945C31 /* Release */,
			);
			defaultConfigurationIsVisible = 0;
			defaultConfigurationName = Release;
		};
		D6E557E72CF8F6AD00945C31 /* Build configuration list for PBXNativeTarget "MoviesScheduleUITests" */ = {
			isa = XCConfigurationList;
			buildConfigurations = (
				D6E557E82CF8F6AD00945C31 /* Debug */,
				D6E557E92CF8F6AD00945C31 /* Release */,
			);
			defaultConfigurationIsVisible = 0;
			defaultConfigurationName = Release;
		};
/* End XCConfigurationList section */

/* Begin XCSwiftPackageProductDependency section */
		D602071D2D01FBF800B4AA44 /* DependenciesManager */ = {
			isa = XCSwiftPackageProductDependency;
			productName = DependenciesManager;
		};
		D602071F2D01FBF800B4AA44 /* MoviesScheduleApplication */ = {
			isa = XCSwiftPackageProductDependency;
			productName = MoviesScheduleApplication;
		};
		D60207212D01FBF800B4AA44 /* MoviesScheduleDomain */ = {
			isa = XCSwiftPackageProductDependency;
			productName = MoviesScheduleDomain;
		};
		D60207232D01FBF800B4AA44 /* MoviesScheduleInfrastructure */ = {
			isa = XCSwiftPackageProductDependency;
			productName = MoviesScheduleInfrastructure;
		};
		D60207252D01FBF800B4AA44 /* MoviesScheduleUI */ = {
			isa = XCSwiftPackageProductDependency;
			productName = MoviesScheduleUI;
		};
/* End XCSwiftPackageProductDependency section */
	};
	rootObject = D6E557B02CF8F6AC00945C31 /* Project object */;
}
